
Microsoft Visual Studio Solution File, Format Version 12.00
# Visual Studio Version 16
VisualStudioVersion = 25.0.1706.8
MinimumVisualStudioVersion = 10.0.40219.1
Project("{FAE04EC0-301F-11D3-BF4B-00C04F79EFBC}") = "Vitaltrack", "Vitaltrack\Vitaltrack.csproj", "{8DFACB7B-3022-45BB-92F5-B0BB16081C1C}"
EndProject
Project("{FAE04EC0-301F-11D3-BF4B-00C04F79EFBC}") = "VitalTrack", "VitalTrack\VitalTrack.csproj", "{09D42FB9-64D9-48C2-8BAE-14AF9EE827DA}"
EndProject
Global
	GlobalSection(SolutionConfigurationPlatforms) = preSolution
		Debug|Any CPU = Debug|Any CPU
		Release|Any CPU = Release|Any CPU
	EndGlobalSection
	GlobalSection(ProjectConfigurationPlatforms) = postSolution
		{8DFACB7B-3022-45BB-92F5-B0BB16081C1C}.Debug|Any CPU.ActiveCfg = Debug|Any CPU
		{8DFACB7B-3022-45BB-92F5-B0BB16081C1C}.Debug|Any CPU.Build.0 = Debug|Any CPU
		{8DFACB7B-3022-45BB-92F5-B0BB16081C1C}.Release|Any CPU.ActiveCfg = Release|Any CPU
		{8DFACB7B-3022-45BB-92F5-B0BB16081C1C}.Release|Any CPU.Build.0 = Release|Any CPU
		{09D42FB9-64D9-48C2-8BAE-14AF9EE827DA}.Debug|Any CPU.ActiveCfg = Debug|Any CPU
		{09D42FB9-64D9-48C2-8BAE-14AF9EE827DA}.Debug|Any CPU.Build.0 = Debug|Any CPU
		{09D42FB9-64D9-48C2-8BAE-14AF9EE827DA}.Release|Any CPU.ActiveCfg = Release|Any CPU
		{09D42FB9-64D9-48C2-8BAE-14AF9EE827DA}.Release|Any CPU.Build.0 = Release|Any CPU
	EndGlobalSection
	GlobalSection(SolutionProperties) = preSolution
		HideSolutionNode = FALSE
	EndGlobalSection
	GlobalSection(ExtensibilityGlobals) = postSolution
		SolutionGuid = {517885F8-7622-4517-BD87-8510411D8F67}
	EndGlobalSection
EndGlobal
